
Microsoft Visual Studio Solution File, Format Version 12.00
# Visual Studio 15
VisualStudioVersion = 15.0.27428.2015
MinimumVisualStudioVersion = 10.0.40219.1
Project("{FAE04EC0-301F-11D3-BF4B-00C04F79EFBC}") = "SoruBankasi", "SoruBankasi\SoruBankasi.csproj", "{129D7F2E-BEE8-4CEC-AFC2-F5808540B84C}"
EndProject
Global
	GlobalSection(SolutionConfigurationPlatforms) = preSolution
		Debug|Any CPU = Debug|Any CPU
		Release|Any CPU = Release|Any CPU
	EndGlobalSection
	GlobalSection(ProjectConfigurationPlatforms) = postSolution
		{129D7F2E-BEE8-4CEC-AFC2-F5808540B84C}.Debug|Any CPU.ActiveCfg = Debug|Any CPU
		{129D7F2E-BEE8-4CEC-AFC2-F5808540B84C}.Debug|Any CPU.Build.0 = Debug|Any CPU
		{129D7F2E-BEE8-4CEC-AFC2-F5808540B84C}.Release|Any CPU.ActiveCfg = Release|Any CPU
		{129D7F2E-BEE8-4CEC-AFC2-F5808540B84C}.Release|Any CPU.Build.0 = Release|Any CPU
	EndGlobalSection
	GlobalSection(SolutionProperties) = preSolution
		HideSolutionNode = FALSE
	EndGlobalSection
	GlobalSection(ExtensibilityGlobals) = postSolution
		SolutionGuid = {72A698BE-8F36-4D41-A42D-48530B085147}
	EndGlobalSection
EndGlobal
